// !$*UTF8*$!
{
	archiveVersion = 1;
	classes = {
	};
	objectVersion = 51;
	objects = {

/* Begin PBXBuildFile section */
		064FD635252FC1D5008003C6 /* PickerOptionViewController.swift in Sources */ = {isa = PBXBuildFile; fileRef = 064FD634252FC1D5008003C6 /* PickerOptionViewController.swift */; };
		0656A0AC2529205B00737645 /* SignUpViewController.swift in Sources */ = {isa = PBXBuildFile; fileRef = 0656A0AB2529205B00737645 /* SignUpViewController.swift */; };
		0656A0AE2529422800737645 /* ResetPasswordViewController.swift in Sources */ = {isa = PBXBuildFile; fileRef = 0656A0AD2529422800737645 /* ResetPasswordViewController.swift */; };
		0656A0B02529508600737645 /* CustomUITextField.swift in Sources */ = {isa = PBXBuildFile; fileRef = 0656A0AF2529508600737645 /* CustomUITextField.swift */; };
		065797402532A47A00D91853 /* CustomUIButton.swift in Sources */ = {isa = PBXBuildFile; fileRef = 0657973F2532A47A00D91853 /* CustomUIButton.swift */; };
		06826B15252D3B37008E7009 /* CustomUIView.swift in Sources */ = {isa = PBXBuildFile; fileRef = 06826B14252D3B37008E7009 /* CustomUIView.swift */; };
		06A871FB252674A100AA1740 /* LoginViewController.swift in Sources */ = {isa = PBXBuildFile; fileRef = 06A871FA252674A100AA1740 /* LoginViewController.swift */; };
		06A8720825268EF200AA1740 /* Common.swift in Sources */ = {isa = PBXBuildFile; fileRef = 06A8720725268EF200AA1740 /* Common.swift */; };
		3A56F8C5255895C30060A815 /* Extensions.swift in Sources */ = {isa = PBXBuildFile; fileRef = 3A56F8C4255895C30060A815 /* Extensions.swift */; };
		3A579D342533EE56003AD6A4 /* GoogleService-Info.plist in Resources */ = {isa = PBXBuildFile; fileRef = 3A579D332533EE56003AD6A4 /* GoogleService-Info.plist */; };
		3A5CACE3255DCFFD00566E1D /* PostLikesViewController.swift in Sources */ = {isa = PBXBuildFile; fileRef = 3A5CACE2255DCFFD00566E1D /* PostLikesViewController.swift */; };
		3A5CACE8255DE8C600566E1D /* PostLikesViewCell.swift in Sources */ = {isa = PBXBuildFile; fileRef = 3A5CACE7255DE8C600566E1D /* PostLikesViewCell.swift */; };
		3A5DF0382564D4C900CE05C4 /* PostCommentTableViewCell.swift in Sources */ = {isa = PBXBuildFile; fileRef = 3A5DF0372564D4C900CE05C4 /* PostCommentTableViewCell.swift */; };
		3A61683B25300BC200E77484 /* DatePickerSelectViewController.swift in Sources */ = {isa = PBXBuildFile; fileRef = 3A61683A25300BC200E77484 /* DatePickerSelectViewController.swift */; };
		3A616840253035FB00E77484 /* Colors.xcassets in Resources */ = {isa = PBXBuildFile; fileRef = 3A61683F253035FB00E77484 /* Colors.xcassets */; };
		3A6422D825266225008E1D6C /* AppDelegate.swift in Sources */ = {isa = PBXBuildFile; fileRef = 3A6422D725266225008E1D6C /* AppDelegate.swift */; };
		3A6422DA25266225008E1D6C /* SceneDelegate.swift in Sources */ = {isa = PBXBuildFile; fileRef = 3A6422D925266225008E1D6C /* SceneDelegate.swift */; };
		3A6422DF25266225008E1D6C /* Main.storyboard in Resources */ = {isa = PBXBuildFile; fileRef = 3A6422DD25266225008E1D6C /* Main.storyboard */; };
		3A6422E225266225008E1D6C /* InstaISIL.xcdatamodeld in Sources */ = {isa = PBXBuildFile; fileRef = 3A6422E025266225008E1D6C /* InstaISIL.xcdatamodeld */; };
		3A6422E425266226008E1D6C /* Assets.xcassets in Resources */ = {isa = PBXBuildFile; fileRef = 3A6422E325266226008E1D6C /* Assets.xcassets */; };
		3A6422E725266226008E1D6C /* LaunchScreen.storyboard in Resources */ = {isa = PBXBuildFile; fileRef = 3A6422E525266226008E1D6C /* LaunchScreen.storyboard */; };
		3A6422F225266226008E1D6C /* InstaISILTests.swift in Sources */ = {isa = PBXBuildFile; fileRef = 3A6422F125266226008E1D6C /* InstaISILTests.swift */; };
		3A6422FD25266226008E1D6C /* InstaISILUITests.swift in Sources */ = {isa = PBXBuildFile; fileRef = 3A6422FC25266226008E1D6C /* InstaISILUITests.swift */; };
		3A648A07255466870007E131 /* CreatePostViewController.swift in Sources */ = {isa = PBXBuildFile; fileRef = 3A648A06255466870007E131 /* CreatePostViewController.swift */; };
		3A67690625700F2C00D9F8FB /* Profile.storyboard in Resources */ = {isa = PBXBuildFile; fileRef = 3A67690525700F2C00D9F8FB /* Profile.storyboard */; };
		3A67690F2570151B00D9F8FB /* Pickers.storyboard in Resources */ = {isa = PBXBuildFile; fileRef = 3A67690E2570151B00D9F8FB /* Pickers.storyboard */; };
		3A676914257016DE00D9F8FB /* Post.storyboard in Resources */ = {isa = PBXBuildFile; fileRef = 3A676913257016DE00D9F8FB /* Post.storyboard */; };
		3A6769192570181000D9F8FB /* Search.storyboard in Resources */ = {isa = PBXBuildFile; fileRef = 3A6769182570181000D9F8FB /* Search.storyboard */; };
		3A67691E257018BE00D9F8FB /* Home.storyboard in Resources */ = {isa = PBXBuildFile; fileRef = 3A67691D257018BE00D9F8FB /* Home.storyboard */; };
		3A676923257018DA00D9F8FB /* TabBar.storyboard in Resources */ = {isa = PBXBuildFile; fileRef = 3A676922257018DA00D9F8FB /* TabBar.storyboard */; };
		3A67692825701AED00D9F8FB /* SearchUserViewController.swift in Sources */ = {isa = PBXBuildFile; fileRef = 3A67692725701AED00D9F8FB /* SearchUserViewController.swift */; };
		3A68390D25520213001101F2 /* EditProfileViewController.swift in Sources */ = {isa = PBXBuildFile; fileRef = 3A68390C25520213001101F2 /* EditProfileViewController.swift */; };
		3A6871F52564802C00A0020B /* PostViewController.swift in Sources */ = {isa = PBXBuildFile; fileRef = 3A6871F42564802B00A0020B /* PostViewController.swift */; };
		3A68EA812566D10300321040 /* User.swift in Sources */ = {isa = PBXBuildFile; fileRef = 3A68EA802566D10200321040 /* User.swift */; };
		3A68EA872566D4F000321040 /* UserViewModel.swift in Sources */ = {isa = PBXBuildFile; fileRef = 3A68EA862566D4F000321040 /* UserViewModel.swift */; };
		3A694DEA2550B67F00F012CA /* Post.swift in Sources */ = {isa = PBXBuildFile; fileRef = 3A694DE92550B67F00F012CA /* Post.swift */; };
		3A6B5FF52536AD6100AA949E /* Constants.swift in Sources */ = {isa = PBXBuildFile; fileRef = 3A6B5FF42536AD6100AA949E /* Constants.swift */; };
		3A6F07EA2551C93000C99C63 /* ProfileViewController.swift in Sources */ = {isa = PBXBuildFile; fileRef = 3A6F07E92551C93000C99C63 /* ProfileViewController.swift */; };
		3A6FD210253547F000FCCD98 /* ResetPasswordEmailViewController.swift in Sources */ = {isa = PBXBuildFile; fileRef = 3A6FD20F253547F000FCCD98 /* ResetPasswordEmailViewController.swift */; };
		3A70508D25748E1F0042A2A5 /* Post2.swift in Sources */ = {isa = PBXBuildFile; fileRef = 3A70508C25748E1F0042A2A5 /* Post2.swift */; };
		3A705092257499FB0042A2A5 /* UserPostsListViewController.swift in Sources */ = {isa = PBXBuildFile; fileRef = 3A705091257499FB0042A2A5 /* UserPostsListViewController.swift */; };
		3AAF4B702534144500989925 /* HomeViewController.swift in Sources */ = {isa = PBXBuildFile; fileRef = 3AAF4B6F2534144500989925 /* HomeViewController.swift */; };
		3AC51DEE255C53480065DB80 /* FirebaseUtils.swift in Sources */ = {isa = PBXBuildFile; fileRef = 3AC51DED255C53480065DB80 /* FirebaseUtils.swift */; };
		3AECABBE254FD017006B915A /* PostTableViewCell.swift in Sources */ = {isa = PBXBuildFile; fileRef = 3AECABBC254FD016006B915A /* PostTableViewCell.swift */; };
		3AECABBF254FD017006B915A /* PostTableViewCell.xib in Resources */ = {isa = PBXBuildFile; fileRef = 3AECABBD254FD016006B915A /* PostTableViewCell.xib */; };
		82A79D7DB2F73E902A773C2D /* Pods_InstaISILTests.framework in Frameworks */ = {isa = PBXBuildFile; fileRef = 4073B13A0ED812AB3D2BF2CF /* Pods_InstaISILTests.framework */; };
		C137718BFDF0E1823F3996F8 /* Pods_InstaISIL_InstaISILUITests.framework in Frameworks */ = {isa = PBXBuildFile; fileRef = 6CD1DA493DB9F79BF5926851 /* Pods_InstaISIL_InstaISILUITests.framework */; };
		DA5DCA176ACEFC94796CC1AF /* Pods_InstaISIL.framework in Frameworks */ = {isa = PBXBuildFile; fileRef = 04CF0D7EAB8A1267E201F238 /* Pods_InstaISIL.framework */; };
/* End PBXBuildFile section */

/* Begin PBXContainerItemProxy section */
		3A6422EE25266226008E1D6C /* PBXContainerItemProxy */ = {
			isa = PBXContainerItemProxy;
			containerPortal = 3A6422CC25266225008E1D6C /* Project object */;
			proxyType = 1;
			remoteGlobalIDString = 3A6422D325266225008E1D6C;
			remoteInfo = InstaISIL;
		};
		3A6422F925266226008E1D6C /* PBXContainerItemProxy */ = {
			isa = PBXContainerItemProxy;
			containerPortal = 3A6422CC25266225008E1D6C /* Project object */;
			proxyType = 1;
			remoteGlobalIDString = 3A6422D325266225008E1D6C;
			remoteInfo = InstaISIL;
		};
/* End PBXContainerItemProxy section */

/* Begin PBXFileReference section */
		04CF0D7EAB8A1267E201F238 /* Pods_InstaISIL.framework */ = {isa = PBXFileReference; explicitFileType = wrapper.framework; includeInIndex = 0; path = Pods_InstaISIL.framework; sourceTree = BUILT_PRODUCTS_DIR; };
		064FD634252FC1D5008003C6 /* PickerOptionViewController.swift */ = {isa = PBXFileReference; lastKnownFileType = sourcecode.swift; name = PickerOptionViewController.swift; path = instaISIL/Controller/PickerOptionViewController.swift; sourceTree = SOURCE_ROOT; };
		0656A0AB2529205B00737645 /* SignUpViewController.swift */ = {isa = PBXFileReference; lastKnownFileType = sourcecode.swift; name = SignUpViewController.swift; path = instaISIL/Controller/SignUpViewController.swift; sourceTree = SOURCE_ROOT; };
		0656A0AD2529422800737645 /* ResetPasswordViewController.swift */ = {isa = PBXFileReference; lastKnownFileType = sourcecode.swift; name = ResetPasswordViewController.swift; path = instaISIL/Controller/ResetPasswordViewController.swift; sourceTree = SOURCE_ROOT; };
		0656A0AF2529508600737645 /* CustomUITextField.swift */ = {isa = PBXFileReference; lastKnownFileType = sourcecode.swift; name = CustomUITextField.swift; path = InstaISIL/View/CustomUITextField.swift; sourceTree = SOURCE_ROOT; };
		0657973F2532A47A00D91853 /* CustomUIButton.swift */ = {isa = PBXFileReference; lastKnownFileType = sourcecode.swift; name = CustomUIButton.swift; path = InstaISIL/View/CustomUIButton.swift; sourceTree = SOURCE_ROOT; };
		06826B14252D3B37008E7009 /* CustomUIView.swift */ = {isa = PBXFileReference; lastKnownFileType = sourcecode.swift; name = CustomUIView.swift; path = InstaISIL/View/CustomUIView.swift; sourceTree = SOURCE_ROOT; };
		06A871FA252674A100AA1740 /* LoginViewController.swift */ = {isa = PBXFileReference; lastKnownFileType = sourcecode.swift; name = LoginViewController.swift; path = instaISIL/Controller/LoginViewController.swift; sourceTree = SOURCE_ROOT; };
		06A8720725268EF200AA1740 /* Common.swift */ = {isa = PBXFileReference; lastKnownFileType = sourcecode.swift; name = Common.swift; path = instaISIL/Utility/Common.swift; sourceTree = SOURCE_ROOT; };
		23A0DFABF0D76EBDE7BA8E0B /* Pods-InstaISIL.debug.xcconfig */ = {isa = PBXFileReference; includeInIndex = 1; lastKnownFileType = text.xcconfig; name = "Pods-InstaISIL.debug.xcconfig"; path = "Target Support Files/Pods-InstaISIL/Pods-InstaISIL.debug.xcconfig"; sourceTree = "<group>"; };
		3A56F8C4255895C30060A815 /* Extensions.swift */ = {isa = PBXFileReference; lastKnownFileType = sourcecode.swift; name = Extensions.swift; path = instaISIL/Utility/Extensions.swift; sourceTree = SOURCE_ROOT; };
		3A579D332533EE56003AD6A4 /* GoogleService-Info.plist */ = {isa = PBXFileReference; fileEncoding = 4; lastKnownFileType = text.plist.xml; path = "GoogleService-Info.plist"; sourceTree = "<group>"; };
		3A5CACE2255DCFFD00566E1D /* PostLikesViewController.swift */ = {isa = PBXFileReference; lastKnownFileType = sourcecode.swift; name = PostLikesViewController.swift; path = instaISIL/Controller/PostLikesViewController.swift; sourceTree = SOURCE_ROOT; };
		3A5CACE7255DE8C600566E1D /* PostLikesViewCell.swift */ = {isa = PBXFileReference; lastKnownFileType = sourcecode.swift; name = PostLikesViewCell.swift; path = instaISIL/View/PostLikesViewCell.swift; sourceTree = SOURCE_ROOT; };
		3A5DF0372564D4C900CE05C4 /* PostCommentTableViewCell.swift */ = {isa = PBXFileReference; lastKnownFileType = sourcecode.swift; name = PostCommentTableViewCell.swift; path = instaISIL/View/PostCommentTableViewCell.swift; sourceTree = SOURCE_ROOT; };
		3A61683A25300BC200E77484 /* DatePickerSelectViewController.swift */ = {isa = PBXFileReference; lastKnownFileType = sourcecode.swift; name = DatePickerSelectViewController.swift; path = instaISIL/Controller/DatePickerSelectViewController.swift; sourceTree = SOURCE_ROOT; };
		3A61683F253035FB00E77484 /* Colors.xcassets */ = {isa = PBXFileReference; lastKnownFileType = folder.assetcatalog; name = Colors.xcassets; path = instaISIL/Colors.xcassets; sourceTree = SOURCE_ROOT; };
		3A6422D425266225008E1D6C /* InstaISIL.app */ = {isa = PBXFileReference; explicitFileType = wrapper.application; includeInIndex = 0; path = InstaISIL.app; sourceTree = BUILT_PRODUCTS_DIR; };
		3A6422D725266225008E1D6C /* AppDelegate.swift */ = {isa = PBXFileReference; lastKnownFileType = sourcecode.swift; path = AppDelegate.swift; sourceTree = "<group>"; };
		3A6422D925266225008E1D6C /* SceneDelegate.swift */ = {isa = PBXFileReference; lastKnownFileType = sourcecode.swift; path = SceneDelegate.swift; sourceTree = "<group>"; };
		3A6422DE25266225008E1D6C /* Base */ = {isa = PBXFileReference; lastKnownFileType = file.storyboard; name = Base; path = Base.lproj/Main.storyboard; sourceTree = "<group>"; };
		3A6422E125266225008E1D6C /* InstaISIL.xcdatamodel */ = {isa = PBXFileReference; lastKnownFileType = wrapper.xcdatamodel; path = InstaISIL.xcdatamodel; sourceTree = "<group>"; };
		3A6422E325266226008E1D6C /* Assets.xcassets */ = {isa = PBXFileReference; lastKnownFileType = folder.assetcatalog; path = Assets.xcassets; sourceTree = "<group>"; };
		3A6422E625266226008E1D6C /* Base */ = {isa = PBXFileReference; lastKnownFileType = file.storyboard; name = Base; path = Base.lproj/LaunchScreen.storyboard; sourceTree = "<group>"; };
		3A6422E825266226008E1D6C /* Info.plist */ = {isa = PBXFileReference; lastKnownFileType = text.plist.xml; path = Info.plist; sourceTree = "<group>"; };
		3A6422ED25266226008E1D6C /* InstaISILTests.xctest */ = {isa = PBXFileReference; explicitFileType = wrapper.cfbundle; includeInIndex = 0; path = InstaISILTests.xctest; sourceTree = BUILT_PRODUCTS_DIR; };
		3A6422F125266226008E1D6C /* InstaISILTests.swift */ = {isa = PBXFileReference; lastKnownFileType = sourcecode.swift; path = InstaISILTests.swift; sourceTree = "<group>"; };
		3A6422F325266226008E1D6C /* Info.plist */ = {isa = PBXFileReference; lastKnownFileType = text.plist.xml; path = Info.plist; sourceTree = "<group>"; };
		3A6422F825266226008E1D6C /* InstaISILUITests.xctest */ = {isa = PBXFileReference; explicitFileType = wrapper.cfbundle; includeInIndex = 0; path = InstaISILUITests.xctest; sourceTree = BUILT_PRODUCTS_DIR; };
		3A6422FC25266226008E1D6C /* InstaISILUITests.swift */ = {isa = PBXFileReference; lastKnownFileType = sourcecode.swift; path = InstaISILUITests.swift; sourceTree = "<group>"; };
		3A6422FE25266226008E1D6C /* Info.plist */ = {isa = PBXFileReference; lastKnownFileType = text.plist.xml; path = Info.plist; sourceTree = "<group>"; };
		3A648A06255466870007E131 /* CreatePostViewController.swift */ = {isa = PBXFileReference; lastKnownFileType = sourcecode.swift; name = CreatePostViewController.swift; path = instaISIL/Controller/CreatePostViewController.swift; sourceTree = SOURCE_ROOT; };
		3A67690525700F2C00D9F8FB /* Profile.storyboard */ = {isa = PBXFileReference; lastKnownFileType = file.storyboard; name = Profile.storyboard; path = instaISIL/Storyboards/Profile.storyboard; sourceTree = SOURCE_ROOT; };
		3A67690E2570151B00D9F8FB /* Pickers.storyboard */ = {isa = PBXFileReference; lastKnownFileType = file.storyboard; name = Pickers.storyboard; path = instaISIL/Storyboards/Pickers.storyboard; sourceTree = SOURCE_ROOT; };
		3A676913257016DE00D9F8FB /* Post.storyboard */ = {isa = PBXFileReference; lastKnownFileType = file.storyboard; name = Post.storyboard; path = instaISIL/Storyboards/Post.storyboard; sourceTree = SOURCE_ROOT; };
		3A6769182570181000D9F8FB /* Search.storyboard */ = {isa = PBXFileReference; lastKnownFileType = file.storyboard; name = Search.storyboard; path = instaISIL/Storyboards/Search.storyboard; sourceTree = SOURCE_ROOT; };
		3A67691D257018BE00D9F8FB /* Home.storyboard */ = {isa = PBXFileReference; lastKnownFileType = file.storyboard; name = Home.storyboard; path = instaISIL/Storyboards/Home.storyboard; sourceTree = SOURCE_ROOT; };
		3A676922257018DA00D9F8FB /* TabBar.storyboard */ = {isa = PBXFileReference; lastKnownFileType = file.storyboard; name = TabBar.storyboard; path = instaISIL/Storyboards/TabBar.storyboard; sourceTree = SOURCE_ROOT; };
		3A67692725701AED00D9F8FB /* SearchUserViewController.swift */ = {isa = PBXFileReference; lastKnownFileType = sourcecode.swift; name = SearchUserViewController.swift; path = instaISIL/Controller/SearchUserViewController.swift; sourceTree = SOURCE_ROOT; };
		3A68390C25520213001101F2 /* EditProfileViewController.swift */ = {isa = PBXFileReference; lastKnownFileType = sourcecode.swift; name = EditProfileViewController.swift; path = instaISIL/Controller/EditProfileViewController.swift; sourceTree = SOURCE_ROOT; };
		3A6871F42564802B00A0020B /* PostViewController.swift */ = {isa = PBXFileReference; lastKnownFileType = sourcecode.swift; name = PostViewController.swift; path = instaISIL/Controller/PostViewController.swift; sourceTree = SOURCE_ROOT; };
		3A68EA802566D10200321040 /* User.swift */ = {isa = PBXFileReference; lastKnownFileType = sourcecode.swift; name = User.swift; path = instaISIL/Model/User.swift; sourceTree = SOURCE_ROOT; };
		3A68EA862566D4F000321040 /* UserViewModel.swift */ = {isa = PBXFileReference; lastKnownFileType = sourcecode.swift; name = UserViewModel.swift; path = instaISIL/ViewModel/UserViewModel.swift; sourceTree = SOURCE_ROOT; };
		3A694DE92550B67F00F012CA /* Post.swift */ = {isa = PBXFileReference; lastKnownFileType = sourcecode.swift; name = Post.swift; path = instaISIL/Model/Post.swift; sourceTree = SOURCE_ROOT; };
		3A6B5FF42536AD6100AA949E /* Constants.swift */ = {isa = PBXFileReference; lastKnownFileType = sourcecode.swift; name = Constants.swift; path = instaISIL/Utility/Constants.swift; sourceTree = SOURCE_ROOT; };
		3A6F07E92551C93000C99C63 /* ProfileViewController.swift */ = {isa = PBXFileReference; lastKnownFileType = sourcecode.swift; name = ProfileViewController.swift; path = instaISIL/Controller/ProfileViewController.swift; sourceTree = SOURCE_ROOT; };
		3A6FD20F253547F000FCCD98 /* ResetPasswordEmailViewController.swift */ = {isa = PBXFileReference; lastKnownFileType = sourcecode.swift; name = ResetPasswordEmailViewController.swift; path = instaISIL/Controller/ResetPasswordEmailViewController.swift; sourceTree = SOURCE_ROOT; };
		3A70508C25748E1F0042A2A5 /* Post2.swift */ = {isa = PBXFileReference; lastKnownFileType = sourcecode.swift; name = Post2.swift; path = instaISIL/Model/Post2.swift; sourceTree = SOURCE_ROOT; };
		3A705091257499FB0042A2A5 /* UserPostsListViewController.swift */ = {isa = PBXFileReference; lastKnownFileType = sourcecode.swift; name = UserPostsListViewController.swift; path = instaISIL/Controller/UserPostsListViewController.swift; sourceTree = SOURCE_ROOT; };
		3AAF4B6F2534144500989925 /* HomeViewController.swift */ = {isa = PBXFileReference; lastKnownFileType = sourcecode.swift; name = HomeViewController.swift; path = instaISIL/Controller/HomeViewController.swift; sourceTree = SOURCE_ROOT; };
		3AC51DED255C53480065DB80 /* FirebaseUtils.swift */ = {isa = PBXFileReference; lastKnownFileType = sourcecode.swift; name = FirebaseUtils.swift; path = instaISIL/Utility/FirebaseUtils.swift; sourceTree = SOURCE_ROOT; };
		3AECABBC254FD016006B915A /* PostTableViewCell.swift */ = {isa = PBXFileReference; lastKnownFileType = sourcecode.swift; name = PostTableViewCell.swift; path = instaISIL/View/PostTableViewCell.swift; sourceTree = SOURCE_ROOT; };
		3AECABBD254FD016006B915A /* PostTableViewCell.xib */ = {isa = PBXFileReference; lastKnownFileType = file.xib; name = PostTableViewCell.xib; path = instaISIL/View/PostTableViewCell.xib; sourceTree = SOURCE_ROOT; };
		4073B13A0ED812AB3D2BF2CF /* Pods_InstaISILTests.framework */ = {isa = PBXFileReference; explicitFileType = wrapper.framework; includeInIndex = 0; path = Pods_InstaISILTests.framework; sourceTree = BUILT_PRODUCTS_DIR; };
		6CD1DA493DB9F79BF5926851 /* Pods_InstaISIL_InstaISILUITests.framework */ = {isa = PBXFileReference; explicitFileType = wrapper.framework; includeInIndex = 0; path = Pods_InstaISIL_InstaISILUITests.framework; sourceTree = BUILT_PRODUCTS_DIR; };
		7B6D2065A458EA26D303E9FA /* Pods-InstaISILTests.debug.xcconfig */ = {isa = PBXFileReference; includeInIndex = 1; lastKnownFileType = text.xcconfig; name = "Pods-InstaISILTests.debug.xcconfig"; path = "Target Support Files/Pods-InstaISILTests/Pods-InstaISILTests.debug.xcconfig"; sourceTree = "<group>"; };
		812DB423AE1FA075E96AA8F2 /* Pods-InstaISIL-InstaISILUITests.release.xcconfig */ = {isa = PBXFileReference; includeInIndex = 1; lastKnownFileType = text.xcconfig; name = "Pods-InstaISIL-InstaISILUITests.release.xcconfig"; path = "Target Support Files/Pods-InstaISIL-InstaISILUITests/Pods-InstaISIL-InstaISILUITests.release.xcconfig"; sourceTree = "<group>"; };
		CC4C7AB3ABC445CBDDC1158B /* Pods-InstaISIL.release.xcconfig */ = {isa = PBXFileReference; includeInIndex = 1; lastKnownFileType = text.xcconfig; name = "Pods-InstaISIL.release.xcconfig"; path = "Target Support Files/Pods-InstaISIL/Pods-InstaISIL.release.xcconfig"; sourceTree = "<group>"; };
		ED9DD8D24A4F7712B4B6B378 /* Pods-InstaISIL-InstaISILUITests.debug.xcconfig */ = {isa = PBXFileReference; includeInIndex = 1; lastKnownFileType = text.xcconfig; name = "Pods-InstaISIL-InstaISILUITests.debug.xcconfig"; path = "Target Support Files/Pods-InstaISIL-InstaISILUITests/Pods-InstaISIL-InstaISILUITests.debug.xcconfig"; sourceTree = "<group>"; };
		FA8932AC3FE4F724732E9960 /* Pods-InstaISILTests.release.xcconfig */ = {isa = PBXFileReference; includeInIndex = 1; lastKnownFileType = text.xcconfig; name = "Pods-InstaISILTests.release.xcconfig"; path = "Target Support Files/Pods-InstaISILTests/Pods-InstaISILTests.release.xcconfig"; sourceTree = "<group>"; };
/* End PBXFileReference section */

/* Begin PBXFrameworksBuildPhase section */
		3A6422D125266225008E1D6C /* Frameworks */ = {
			isa = PBXFrameworksBuildPhase;
			buildActionMask = 2147483647;
			files = (
				DA5DCA176ACEFC94796CC1AF /* Pods_InstaISIL.framework in Frameworks */,
			);
			runOnlyForDeploymentPostprocessing = 0;
		};
		3A6422EA25266226008E1D6C /* Frameworks */ = {
			isa = PBXFrameworksBuildPhase;
			buildActionMask = 2147483647;
			files = (
				82A79D7DB2F73E902A773C2D /* Pods_InstaISILTests.framework in Frameworks */,
			);
			runOnlyForDeploymentPostprocessing = 0;
		};
		3A6422F525266226008E1D6C /* Frameworks */ = {
			isa = PBXFrameworksBuildPhase;
			buildActionMask = 2147483647;
			files = (
				C137718BFDF0E1823F3996F8 /* Pods_InstaISIL_InstaISILUITests.framework in Frameworks */,
			);
			runOnlyForDeploymentPostprocessing = 0;
		};
/* End PBXFrameworksBuildPhase section */

/* Begin PBXGroup section */
		06A8720325268EAB00AA1740 /* Utility */ = {
			isa = PBXGroup;
			children = (
				06A8720725268EF200AA1740 /* Common.swift */,
				3A6B5FF42536AD6100AA949E /* Constants.swift */,
				3A56F8C4255895C30060A815 /* Extensions.swift */,
				3AC51DED255C53480065DB80 /* FirebaseUtils.swift */,
			);
			path = Utility;
			sourceTree = "<group>";
		};
		06FB7C1CFC03814C64C677BA /* Frameworks */ = {
			isa = PBXGroup;
			children = (
				04CF0D7EAB8A1267E201F238 /* Pods_InstaISIL.framework */,
				6CD1DA493DB9F79BF5926851 /* Pods_InstaISIL_InstaISILUITests.framework */,
				4073B13A0ED812AB3D2BF2CF /* Pods_InstaISILTests.framework */,
			);
			name = Frameworks;
			sourceTree = "<group>";
		};
		3A579D2E2533CC1E003AD6A4 /* View */ = {
			isa = PBXGroup;
			children = (
				06826B14252D3B37008E7009 /* CustomUIView.swift */,
				0657973F2532A47A00D91853 /* CustomUIButton.swift */,
				0656A0AF2529508600737645 /* CustomUITextField.swift */,
				3AECABBC254FD016006B915A /* PostTableViewCell.swift */,
				3AECABBD254FD016006B915A /* PostTableViewCell.xib */,
				3A5CACE7255DE8C600566E1D /* PostLikesViewCell.swift */,
				3A5DF0372564D4C900CE05C4 /* PostCommentTableViewCell.swift */,
			);
			path = View;
			sourceTree = "<group>";
		};
		3A6422CB25266225008E1D6C = {
			isa = PBXGroup;
			children = (
				3A6422D625266225008E1D6C /* InstaISIL */,
				3A6422F025266226008E1D6C /* InstaISILTests */,
				3A6422FB25266226008E1D6C /* InstaISILUITests */,
				3A6422D525266225008E1D6C /* Products */,
				FD0AF39AE1D405D28CA59C79 /* Pods */,
				06FB7C1CFC03814C64C677BA /* Frameworks */,
			);
			sourceTree = "<group>";
		};
		3A6422D525266225008E1D6C /* Products */ = {
			isa = PBXGroup;
			children = (
				3A6422D425266225008E1D6C /* InstaISIL.app */,
				3A6422ED25266226008E1D6C /* InstaISILTests.xctest */,
				3A6422F825266226008E1D6C /* InstaISILUITests.xctest */,
			);
			name = Products;
			sourceTree = "<group>";
		};
		3A6422D625266225008E1D6C /* InstaISIL */ = {
			isa = PBXGroup;
			children = (
				3A67690425700ECD00D9F8FB /* Storyboards */,
				3A68EA852566D4C900321040 /* ViewModel */,
				3A694DE02550B5D000F012CA /* Model */,
				3A579D2E2533CC1E003AD6A4 /* View */,
				06A8720325268EAB00AA1740 /* Utility */,
				3A64230A252662A6008E1D6C /* Controller */,
				3A6422D725266225008E1D6C /* AppDelegate.swift */,
				3A6422D925266225008E1D6C /* SceneDelegate.swift */,
				3A6422DD25266225008E1D6C /* Main.storyboard */,
				3A6422E325266226008E1D6C /* Assets.xcassets */,
				3A6422E525266226008E1D6C /* LaunchScreen.storyboard */,
				3A6422E825266226008E1D6C /* Info.plist */,
				3A6422E025266225008E1D6C /* InstaISIL.xcdatamodeld */,
				3A61683F253035FB00E77484 /* Colors.xcassets */,
				3A579D332533EE56003AD6A4 /* GoogleService-Info.plist */,
			);
			path = InstaISIL;
			sourceTree = "<group>";
		};
		3A6422F025266226008E1D6C /* InstaISILTests */ = {
			isa = PBXGroup;
			children = (
				3A6422F125266226008E1D6C /* InstaISILTests.swift */,
				3A6422F325266226008E1D6C /* Info.plist */,
			);
			path = InstaISILTests;
			sourceTree = "<group>";
		};
		3A6422FB25266226008E1D6C /* InstaISILUITests */ = {
			isa = PBXGroup;
			children = (
				3A6422FC25266226008E1D6C /* InstaISILUITests.swift */,
				3A6422FE25266226008E1D6C /* Info.plist */,
			);
			path = InstaISILUITests;
			sourceTree = "<group>";
		};
		3A64230A252662A6008E1D6C /* Controller */ = {
			isa = PBXGroup;
			children = (
				06A871FA252674A100AA1740 /* LoginViewController.swift */,
				0656A0AB2529205B00737645 /* SignUpViewController.swift */,
				0656A0AD2529422800737645 /* ResetPasswordViewController.swift */,
				064FD634252FC1D5008003C6 /* PickerOptionViewController.swift */,
				3A61683A25300BC200E77484 /* DatePickerSelectViewController.swift */,
				3AAF4B6F2534144500989925 /* HomeViewController.swift */,
				3A6FD20F253547F000FCCD98 /* ResetPasswordEmailViewController.swift */,
				3A6F07E92551C93000C99C63 /* ProfileViewController.swift */,
				3A68390C25520213001101F2 /* EditProfileViewController.swift */,
				3A648A06255466870007E131 /* CreatePostViewController.swift */,
				3A5CACE2255DCFFD00566E1D /* PostLikesViewController.swift */,
				3A6871F42564802B00A0020B /* PostViewController.swift */,
				3A67692725701AED00D9F8FB /* SearchUserViewController.swift */,
				3A705091257499FB0042A2A5 /* UserPostsListViewController.swift */,
			);
			path = Controller;
			sourceTree = "<group>";
		};
		3A67690425700ECD00D9F8FB /* Storyboards */ = {
			isa = PBXGroup;
			children = (
				3A67690525700F2C00D9F8FB /* Profile.storyboard */,
				3A67690E2570151B00D9F8FB /* Pickers.storyboard */,
				3A676913257016DE00D9F8FB /* Post.storyboard */,
				3A6769182570181000D9F8FB /* Search.storyboard */,
				3A67691D257018BE00D9F8FB /* Home.storyboard */,
				3A676922257018DA00D9F8FB /* TabBar.storyboard */,
			);
			path = Storyboards;
			sourceTree = "<group>";
		};
		3A68EA852566D4C900321040 /* ViewModel */ = {
			isa = PBXGroup;
			children = (
				3A68EA862566D4F000321040 /* UserViewModel.swift */,
			);
			path = ViewModel;
			sourceTree = "<group>";
		};
		3A694DE02550B5D000F012CA /* Model */ = {
			isa = PBXGroup;
			children = (
				3A694DE92550B67F00F012CA /* Post.swift */,
				3A68EA802566D10200321040 /* User.swift */,
				3A70508C25748E1F0042A2A5 /* Post2.swift */,
			);
			path = Model;
			sourceTree = "<group>";
		};
		FD0AF39AE1D405D28CA59C79 /* Pods */ = {
			isa = PBXGroup;
			children = (
				23A0DFABF0D76EBDE7BA8E0B /* Pods-InstaISIL.debug.xcconfig */,
				CC4C7AB3ABC445CBDDC1158B /* Pods-InstaISIL.release.xcconfig */,
				ED9DD8D24A4F7712B4B6B378 /* Pods-InstaISIL-InstaISILUITests.debug.xcconfig */,
				812DB423AE1FA075E96AA8F2 /* Pods-InstaISIL-InstaISILUITests.release.xcconfig */,
				7B6D2065A458EA26D303E9FA /* Pods-InstaISILTests.debug.xcconfig */,
				FA8932AC3FE4F724732E9960 /* Pods-InstaISILTests.release.xcconfig */,
			);
			path = Pods;
			sourceTree = "<group>";
		};
/* End PBXGroup section */

/* Begin PBXNativeTarget section */
		3A6422D325266225008E1D6C /* InstaISIL */ = {
			isa = PBXNativeTarget;
			buildConfigurationList = 3A64230125266226008E1D6C /* Build configuration list for PBXNativeTarget "InstaISIL" */;
			buildPhases = (
				016E4C18E9AB501411971A54 /* [CP] Check Pods Manifest.lock */,
				3A6422D025266225008E1D6C /* Sources */,
				3A6422D125266225008E1D6C /* Frameworks */,
				3A6422D225266225008E1D6C /* Resources */,
				7475857D12ACC86227D4AC37 /* [CP] Embed Pods Frameworks */,
			);
			buildRules = (
			);
			dependencies = (
			);
			name = InstaISIL;
			productName = InstaISIL;
			productReference = 3A6422D425266225008E1D6C /* InstaISIL.app */;
			productType = "com.apple.product-type.application";
		};
		3A6422EC25266226008E1D6C /* InstaISILTests */ = {
			isa = PBXNativeTarget;
			buildConfigurationList = 3A64230425266226008E1D6C /* Build configuration list for PBXNativeTarget "InstaISILTests" */;
			buildPhases = (
				D0FA2AAACEE674090E701E6D /* [CP] Check Pods Manifest.lock */,
				3A6422E925266226008E1D6C /* Sources */,
				3A6422EA25266226008E1D6C /* Frameworks */,
				3A6422EB25266226008E1D6C /* Resources */,
			);
			buildRules = (
			);
			dependencies = (
				3A6422EF25266226008E1D6C /* PBXTargetDependency */,
			);
			name = InstaISILTests;
			productName = InstaISILTests;
			productReference = 3A6422ED25266226008E1D6C /* InstaISILTests.xctest */;
			productType = "com.apple.product-type.bundle.unit-test";
		};
		3A6422F725266226008E1D6C /* InstaISILUITests */ = {
			isa = PBXNativeTarget;
			buildConfigurationList = 3A64230725266226008E1D6C /* Build configuration list for PBXNativeTarget "InstaISILUITests" */;
			buildPhases = (
				916C09BE41A2190FA824F3F1 /* [CP] Check Pods Manifest.lock */,
				3A6422F425266226008E1D6C /* Sources */,
				3A6422F525266226008E1D6C /* Frameworks */,
				3A6422F625266226008E1D6C /* Resources */,
				B1CE2A2D0EC7DAAAD005CB8F /* [CP] Embed Pods Frameworks */,
			);
			buildRules = (
			);
			dependencies = (
				3A6422FA25266226008E1D6C /* PBXTargetDependency */,
			);
			name = InstaISILUITests;
			productName = InstaISILUITests;
			productReference = 3A6422F825266226008E1D6C /* InstaISILUITests.xctest */;
			productType = "com.apple.product-type.bundle.ui-testing";
		};
/* End PBXNativeTarget section */

/* Begin PBXProject section */
		3A6422CC25266225008E1D6C /* Project object */ = {
			isa = PBXProject;
			attributes = {
				LastSwiftUpdateCheck = 1160;
				LastUpgradeCheck = 1160;
				ORGANIZATIONNAME = "Kaori Murakami";
				TargetAttributes = {
					3A6422D325266225008E1D6C = {
						CreatedOnToolsVersion = 11.6;
					};
					3A6422EC25266226008E1D6C = {
						CreatedOnToolsVersion = 11.6;
						TestTargetID = 3A6422D325266225008E1D6C;
					};
					3A6422F725266226008E1D6C = {
						CreatedOnToolsVersion = 11.6;
						TestTargetID = 3A6422D325266225008E1D6C;
					};
				};
			};
			buildConfigurationList = 3A6422CF25266225008E1D6C /* Build configuration list for PBXProject "instaISIL" */;
			compatibilityVersion = "Xcode 9.3";
			developmentRegion = en;
			hasScannedForEncodings = 0;
			knownRegions = (
				en,
				Base,
			);
			mainGroup = 3A6422CB25266225008E1D6C;
			productRefGroup = 3A6422D525266225008E1D6C /* Products */;
			projectDirPath = "";
			projectRoot = "";
			targets = (
				3A6422D325266225008E1D6C /* InstaISIL */,
				3A6422EC25266226008E1D6C /* InstaISILTests */,
				3A6422F725266226008E1D6C /* InstaISILUITests */,
			);
		};
/* End PBXProject section */

/* Begin PBXResourcesBuildPhase section */
		3A6422D225266225008E1D6C /* Resources */ = {
			isa = PBXResourcesBuildPhase;
			buildActionMask = 2147483647;
			files = (
				3A6422E725266226008E1D6C /* LaunchScreen.storyboard in Resources */,
				3A67691E257018BE00D9F8FB /* Home.storyboard in Resources */,
				3A616840253035FB00E77484 /* Colors.xcassets in Resources */,
				3A67690F2570151B00D9F8FB /* Pickers.storyboard in Resources */,
				3A676923257018DA00D9F8FB /* TabBar.storyboard in Resources */,
				3A579D342533EE56003AD6A4 /* GoogleService-Info.plist in Resources */,
				3A6769192570181000D9F8FB /* Search.storyboard in Resources */,
				3A676914257016DE00D9F8FB /* Post.storyboard in Resources */,
				3AECABBF254FD017006B915A /* PostTableViewCell.xib in Resources */,
				3A6422E425266226008E1D6C /* Assets.xcassets in Resources */,
				3A67690625700F2C00D9F8FB /* Profile.storyboard in Resources */,
				3A6422DF25266225008E1D6C /* Main.storyboard in Resources */,
			);
			runOnlyForDeploymentPostprocessing = 0;
		};
		3A6422EB25266226008E1D6C /* Resources */ = {
			isa = PBXResourcesBuildPhase;
			buildActionMask = 2147483647;
			files = (
			);
			runOnlyForDeploymentPostprocessing = 0;
		};
		3A6422F625266226008E1D6C /* Resources */ = {
			isa = PBXResourcesBuildPhase;
			buildActionMask = 2147483647;
			files = (
			);
			runOnlyForDeploymentPostprocessing = 0;
		};
/* End PBXResourcesBuildPhase section */

/* Begin PBXShellScriptBuildPhase section */
		016E4C18E9AB501411971A54 /* [CP] Check Pods Manifest.lock */ = {
			isa = PBXShellScriptBuildPhase;
			buildActionMask = 2147483647;
			files = (
			);
			inputFileListPaths = (
			);
			inputPaths = (
				"${PODS_PODFILE_DIR_PATH}/Podfile.lock",
				"${PODS_ROOT}/Manifest.lock",
			);
			name = "[CP] Check Pods Manifest.lock";
			outputFileListPaths = (
			);
			outputPaths = (
				"$(DERIVED_FILE_DIR)/Pods-InstaISIL-checkManifestLockResult.txt",
			);
			runOnlyForDeploymentPostprocessing = 0;
			shellPath = /bin/sh;
			shellScript = "diff \"${PODS_PODFILE_DIR_PATH}/Podfile.lock\" \"${PODS_ROOT}/Manifest.lock\" > /dev/null\nif [ $? != 0 ] ; then\n    # print error to STDERR\n    echo \"error: The sandbox is not in sync with the Podfile.lock. Run 'pod install' or update your CocoaPods installation.\" >&2\n    exit 1\nfi\n# This output is used by Xcode 'outputs' to avoid re-running this script phase.\necho \"SUCCESS\" > \"${SCRIPT_OUTPUT_FILE_0}\"\n";
			showEnvVarsInLog = 0;
		};
		7475857D12ACC86227D4AC37 /* [CP] Embed Pods Frameworks */ = {
			isa = PBXShellScriptBuildPhase;
			buildActionMask = 2147483647;
			files = (
			);
			inputFileListPaths = (
				"${PODS_ROOT}/Target Support Files/Pods-InstaISIL/Pods-InstaISIL-frameworks-${CONFIGURATION}-input-files.xcfilelist",
			);
			name = "[CP] Embed Pods Frameworks";
			outputFileListPaths = (
				"${PODS_ROOT}/Target Support Files/Pods-InstaISIL/Pods-InstaISIL-frameworks-${CONFIGURATION}-output-files.xcfilelist",
			);
			runOnlyForDeploymentPostprocessing = 0;
			shellPath = /bin/sh;
			shellScript = "\"${PODS_ROOT}/Target Support Files/Pods-InstaISIL/Pods-InstaISIL-frameworks.sh\"\n";
			showEnvVarsInLog = 0;
		};
		916C09BE41A2190FA824F3F1 /* [CP] Check Pods Manifest.lock */ = {
			isa = PBXShellScriptBuildPhase;
			buildActionMask = 2147483647;
			files = (
			);
			inputFileListPaths = (
			);
			inputPaths = (
				"${PODS_PODFILE_DIR_PATH}/Podfile.lock",
				"${PODS_ROOT}/Manifest.lock",
			);
			name = "[CP] Check Pods Manifest.lock";
			outputFileListPaths = (
			);
			outputPaths = (
				"$(DERIVED_FILE_DIR)/Pods-InstaISIL-InstaISILUITests-checkManifestLockResult.txt",
			);
			runOnlyForDeploymentPostprocessing = 0;
			shellPath = /bin/sh;
			shellScript = "diff \"${PODS_PODFILE_DIR_PATH}/Podfile.lock\" \"${PODS_ROOT}/Manifest.lock\" > /dev/null\nif [ $? != 0 ] ; then\n    # print error to STDERR\n    echo \"error: The sandbox is not in sync with the Podfile.lock. Run 'pod install' or update your CocoaPods installation.\" >&2\n    exit 1\nfi\n# This output is used by Xcode 'outputs' to avoid re-running this script phase.\necho \"SUCCESS\" > \"${SCRIPT_OUTPUT_FILE_0}\"\n";
			showEnvVarsInLog = 0;
		};
		B1CE2A2D0EC7DAAAD005CB8F /* [CP] Embed Pods Frameworks */ = {
			isa = PBXShellScriptBuildPhase;
			buildActionMask = 2147483647;
			files = (
			);
			inputFileListPaths = (
				"${PODS_ROOT}/Target Support Files/Pods-InstaISIL-InstaISILUITests/Pods-InstaISIL-InstaISILUITests-frameworks-${CONFIGURATION}-input-files.xcfilelist",
			);
			name = "[CP] Embed Pods Frameworks";
			outputFileListPaths = (
				"${PODS_ROOT}/Target Support Files/Pods-InstaISIL-InstaISILUITests/Pods-InstaISIL-InstaISILUITests-frameworks-${CONFIGURATION}-output-files.xcfilelist",
			);
			runOnlyForDeploymentPostprocessing = 0;
			shellPath = /bin/sh;
			shellScript = "\"${PODS_ROOT}/Target Support Files/Pods-InstaISIL-InstaISILUITests/Pods-InstaISIL-InstaISILUITests-frameworks.sh\"\n";
			showEnvVarsInLog = 0;
		};
		D0FA2AAACEE674090E701E6D /* [CP] Check Pods Manifest.lock */ = {
			isa = PBXShellScriptBuildPhase;
			buildActionMask = 2147483647;
			files = (
			);
			inputFileListPaths = (
			);
			inputPaths = (
				"${PODS_PODFILE_DIR_PATH}/Podfile.lock",
				"${PODS_ROOT}/Manifest.lock",
			);
			name = "[CP] Check Pods Manifest.lock";
			outputFileListPaths = (
			);
			outputPaths = (
				"$(DERIVED_FILE_DIR)/Pods-InstaISILTests-checkManifestLockResult.txt",
			);
			runOnlyForDeploymentPostprocessing = 0;
			shellPath = /bin/sh;
			shellScript = "diff \"${PODS_PODFILE_DIR_PATH}/Podfile.lock\" \"${PODS_ROOT}/Manifest.lock\" > /dev/null\nif [ $? != 0 ] ; then\n    # print error to STDERR\n    echo \"error: The sandbox is not in sync with the Podfile.lock. Run 'pod install' or update your CocoaPods installation.\" >&2\n    exit 1\nfi\n# This output is used by Xcode 'outputs' to avoid re-running this script phase.\necho \"SUCCESS\" > \"${SCRIPT_OUTPUT_FILE_0}\"\n";
			showEnvVarsInLog = 0;
		};
/* End PBXShellScriptBuildPhase section */

/* Begin PBXSourcesBuildPhase section */
		3A6422D025266225008E1D6C /* Sources */ = {
			isa = PBXSourcesBuildPhase;
			buildActionMask = 2147483647;
			files = (
				3AC51DEE255C53480065DB80 /* FirebaseUtils.swift in Sources */,
				06826B15252D3B37008E7009 /* CustomUIView.swift in Sources */,
				3A61683B25300BC200E77484 /* DatePickerSelectViewController.swift in Sources */,
				0656A0B02529508600737645 /* CustomUITextField.swift in Sources */,
				3A6871F52564802C00A0020B /* PostViewController.swift in Sources */,
				3A68EA872566D4F000321040 /* UserViewModel.swift in Sources */,
				3A68EA812566D10300321040 /* User.swift in Sources */,
				0656A0AC2529205B00737645 /* SignUpViewController.swift in Sources */,
				065797402532A47A00D91853 /* CustomUIButton.swift in Sources */,
				3A6B5FF52536AD6100AA949E /* Constants.swift in Sources */,
				3A6F07EA2551C93000C99C63 /* ProfileViewController.swift in Sources */,
				3A68390D25520213001101F2 /* EditProfileViewController.swift in Sources */,
				3A6422D825266225008E1D6C /* AppDelegate.swift in Sources */,
				3A6FD210253547F000FCCD98 /* ResetPasswordEmailViewController.swift in Sources */,
				3A5CACE8255DE8C600566E1D /* PostLikesViewCell.swift in Sources */,
				3A648A07255466870007E131 /* CreatePostViewController.swift in Sources */,
				0656A0AE2529422800737645 /* ResetPasswordViewController.swift in Sources */,
				3A5CACE3255DCFFD00566E1D /* PostLikesViewController.swift in Sources */,
				3A705092257499FB0042A2A5 /* UserPostsListViewController.swift in Sources */,
				3A6422E225266225008E1D6C /* InstaISIL.xcdatamodeld in Sources */,
				3A56F8C5255895C30060A815 /* Extensions.swift in Sources */,
				06A871FB252674A100AA1740 /* LoginViewController.swift in Sources */,
				3AECABBE254FD017006B915A /* PostTableViewCell.swift in Sources */,
				06A8720825268EF200AA1740 /* Common.swift in Sources */,
				3A5DF0382564D4C900CE05C4 /* PostCommentTableViewCell.swift in Sources */,
				3A70508D25748E1F0042A2A5 /* Post2.swift in Sources */,
				064FD635252FC1D5008003C6 /* PickerOptionViewController.swift in Sources */,
				3A694DEA2550B67F00F012CA /* Post.swift in Sources */,
				3A67692825701AED00D9F8FB /* SearchUserViewController.swift in Sources */,
				3AAF4B702534144500989925 /* HomeViewController.swift in Sources */,
				3A6422DA25266225008E1D6C /* SceneDelegate.swift in Sources */,
			);
			runOnlyForDeploymentPostprocessing = 0;
		};
		3A6422E925266226008E1D6C /* Sources */ = {
			isa = PBXSourcesBuildPhase;
			buildActionMask = 2147483647;
			files = (
				3A6422F225266226008E1D6C /* InstaISILTests.swift in Sources */,
			);
			runOnlyForDeploymentPostprocessing = 0;
		};
		3A6422F425266226008E1D6C /* Sources */ = {
			isa = PBXSourcesBuildPhase;
			buildActionMask = 2147483647;
			files = (
				3A6422FD25266226008E1D6C /* InstaISILUITests.swift in Sources */,
			);
			runOnlyForDeploymentPostprocessing = 0;
		};
/* End PBXSourcesBuildPhase section */

/* Begin PBXTargetDependency section */
		3A6422EF25266226008E1D6C /* PBXTargetDependency */ = {
			isa = PBXTargetDependency;
			target = 3A6422D325266225008E1D6C /* InstaISIL */;
			targetProxy = 3A6422EE25266226008E1D6C /* PBXContainerItemProxy */;
		};
		3A6422FA25266226008E1D6C /* PBXTargetDependency */ = {
			isa = PBXTargetDependency;
			target = 3A6422D325266225008E1D6C /* InstaISIL */;
			targetProxy = 3A6422F925266226008E1D6C /* PBXContainerItemProxy */;
		};
/* End PBXTargetDependency section */

/* Begin PBXVariantGroup section */
		3A6422DD25266225008E1D6C /* Main.storyboard */ = {
			isa = PBXVariantGroup;
			children = (
				3A6422DE25266225008E1D6C /* Base */,
			);
			name = Main.storyboard;
			sourceTree = "<group>";
		};
		3A6422E525266226008E1D6C /* LaunchScreen.storyboard */ = {
			isa = PBXVariantGroup;
			children = (
				3A6422E625266226008E1D6C /* Base */,
			);
			name = LaunchScreen.storyboard;
			sourceTree = "<group>";
		};
/* End PBXVariantGroup section */

/* Begin XCBuildConfiguration section */
		3A6422FF25266226008E1D6C /* Debug */ = {
			isa = XCBuildConfiguration;
			buildSettings = {
				ALWAYS_SEARCH_USER_PATHS = NO;
				CLANG_ANALYZER_NONNULL = YES;
				CLANG_ANALYZER_NUMBER_OBJECT_CONVERSION = YES_AGGRESSIVE;
				CLANG_CXX_LANGUAGE_STANDARD = "gnu++14";
				CLANG_CXX_LIBRARY = "libc++";
				CLANG_ENABLE_MODULES = YES;
				CLANG_ENABLE_OBJC_ARC = YES;
				CLANG_ENABLE_OBJC_WEAK = YES;
				CLANG_WARN_BLOCK_CAPTURE_AUTORELEASING = YES;
				CLANG_WARN_BOOL_CONVERSION = YES;
				CLANG_WARN_COMMA = YES;
				CLANG_WARN_CONSTANT_CONVERSION = YES;
				CLANG_WARN_DEPRECATED_OBJC_IMPLEMENTATIONS = YES;
				CLANG_WARN_DIRECT_OBJC_ISA_USAGE = YES_ERROR;
				CLANG_WARN_DOCUMENTATION_COMMENTS = YES;
				CLANG_WARN_EMPTY_BODY = YES;
				CLANG_WARN_ENUM_CONVERSION = YES;
				CLANG_WARN_INFINITE_RECURSION = YES;
				CLANG_WARN_INT_CONVERSION = YES;
				CLANG_WARN_NON_LITERAL_NULL_CONVERSION = YES;
				CLANG_WARN_OBJC_IMPLICIT_RETAIN_SELF = YES;
				CLANG_WARN_OBJC_LITERAL_CONVERSION = YES;
				CLANG_WARN_OBJC_ROOT_CLASS = YES_ERROR;
				CLANG_WARN_RANGE_LOOP_ANALYSIS = YES;
				CLANG_WARN_STRICT_PROTOTYPES = YES;
				CLANG_WARN_SUSPICIOUS_MOVE = YES;
				CLANG_WARN_UNGUARDED_AVAILABILITY = YES_AGGRESSIVE;
				CLANG_WARN_UNREACHABLE_CODE = YES;
				CLANG_WARN__DUPLICATE_METHOD_MATCH = YES;
				COPY_PHASE_STRIP = NO;
				DEBUG_INFORMATION_FORMAT = dwarf;
				ENABLE_STRICT_OBJC_MSGSEND = YES;
				ENABLE_TESTABILITY = YES;
				GCC_C_LANGUAGE_STANDARD = gnu11;
				GCC_DYNAMIC_NO_PIC = NO;
				GCC_NO_COMMON_BLOCKS = YES;
				GCC_OPTIMIZATION_LEVEL = 0;
				GCC_PREPROCESSOR_DEFINITIONS = (
					"DEBUG=1",
					"$(inherited)",
				);
				GCC_WARN_64_TO_32_BIT_CONVERSION = YES;
				GCC_WARN_ABOUT_RETURN_TYPE = YES_ERROR;
				GCC_WARN_UNDECLARED_SELECTOR = YES;
				GCC_WARN_UNINITIALIZED_AUTOS = YES_AGGRESSIVE;
				GCC_WARN_UNUSED_FUNCTION = YES;
				GCC_WARN_UNUSED_VARIABLE = YES;
				IPHONEOS_DEPLOYMENT_TARGET = 13.6;
				MTL_ENABLE_DEBUG_INFO = INCLUDE_SOURCE;
				MTL_FAST_MATH = YES;
				ONLY_ACTIVE_ARCH = YES;
				SDKROOT = iphoneos;
				SWIFT_ACTIVE_COMPILATION_CONDITIONS = DEBUG;
				SWIFT_OPTIMIZATION_LEVEL = "-Onone";
			};
			name = Debug;
		};
		3A64230025266226008E1D6C /* Release */ = {
			isa = XCBuildConfiguration;
			buildSettings = {
				ALWAYS_SEARCH_USER_PATHS = NO;
				CLANG_ANALYZER_NONNULL = YES;
				CLANG_ANALYZER_NUMBER_OBJECT_CONVERSION = YES_AGGRESSIVE;
				CLANG_CXX_LANGUAGE_STANDARD = "gnu++14";
				CLANG_CXX_LIBRARY = "libc++";
				CLANG_ENABLE_MODULES = YES;
				CLANG_ENABLE_OBJC_ARC = YES;
				CLANG_ENABLE_OBJC_WEAK = YES;
				CLANG_WARN_BLOCK_CAPTURE_AUTORELEASING = YES;
				CLANG_WARN_BOOL_CONVERSION = YES;
				CLANG_WARN_COMMA = YES;
				CLANG_WARN_CONSTANT_CONVERSION = YES;
				CLANG_WARN_DEPRECATED_OBJC_IMPLEMENTATIONS = YES;
				CLANG_WARN_DIRECT_OBJC_ISA_USAGE = YES_ERROR;
				CLANG_WARN_DOCUMENTATION_COMMENTS = YES;
				CLANG_WARN_EMPTY_BODY = YES;
				CLANG_WARN_ENUM_CONVERSION = YES;
				CLANG_WARN_INFINITE_RECURSION = YES;
				CLANG_WARN_INT_CONVERSION = YES;
				CLANG_WARN_NON_LITERAL_NULL_CONVERSION = YES;
				CLANG_WARN_OBJC_IMPLICIT_RETAIN_SELF = YES;
				CLANG_WARN_OBJC_LITERAL_CONVERSION = YES;
				CLANG_WARN_OBJC_ROOT_CLASS = YES_ERROR;
				CLANG_WARN_RANGE_LOOP_ANALYSIS = YES;
				CLANG_WARN_STRICT_PROTOTYPES = YES;
				CLANG_WARN_SUSPICIOUS_MOVE = YES;
				CLANG_WARN_UNGUARDED_AVAILABILITY = YES_AGGRESSIVE;
				CLANG_WARN_UNREACHABLE_CODE = YES;
				CLANG_WARN__DUPLICATE_METHOD_MATCH = YES;
				COPY_PHASE_STRIP = NO;
				DEBUG_INFORMATION_FORMAT = "dwarf-with-dsym";
				ENABLE_NS_ASSERTIONS = NO;
				ENABLE_STRICT_OBJC_MSGSEND = YES;
				GCC_C_LANGUAGE_STANDARD = gnu11;
				GCC_NO_COMMON_BLOCKS = YES;
				GCC_WARN_64_TO_32_BIT_CONVERSION = YES;
				GCC_WARN_ABOUT_RETURN_TYPE = YES_ERROR;
				GCC_WARN_UNDECLARED_SELECTOR = YES;
				GCC_WARN_UNINITIALIZED_AUTOS = YES_AGGRESSIVE;
				GCC_WARN_UNUSED_FUNCTION = YES;
				GCC_WARN_UNUSED_VARIABLE = YES;
				IPHONEOS_DEPLOYMENT_TARGET = 13.6;
				MTL_ENABLE_DEBUG_INFO = NO;
				MTL_FAST_MATH = YES;
				SDKROOT = iphoneos;
				SWIFT_COMPILATION_MODE = wholemodule;
				SWIFT_OPTIMIZATION_LEVEL = "-O";
				VALIDATE_PRODUCT = YES;
			};
			name = Release;
		};
		3A64230225266226008E1D6C /* Debug */ = {
			isa = XCBuildConfiguration;
			baseConfigurationReference = 23A0DFABF0D76EBDE7BA8E0B /* Pods-InstaISIL.debug.xcconfig */;
			buildSettings = {
				ASSETCATALOG_COMPILER_APPICON_NAME = AppIcon;
				CODE_SIGN_STYLE = Automatic;
				INFOPLIST_FILE = InstaISIL/Info.plist;
				LD_RUNPATH_SEARCH_PATHS = (
					"$(inherited)",
					"@executable_path/Frameworks",
				);
				PRODUCT_BUNDLE_IDENTIFIER = com.murakami.InstaISIL;
				PRODUCT_NAME = "$(TARGET_NAME)";
				SWIFT_VERSION = 5.0;
				TARGETED_DEVICE_FAMILY = "1,2";
			};
			name = Debug;
		};
		3A64230325266226008E1D6C /* Release */ = {
			isa = XCBuildConfiguration;
			baseConfigurationReference = CC4C7AB3ABC445CBDDC1158B /* Pods-InstaISIL.release.xcconfig */;
			buildSettings = {
				ASSETCATALOG_COMPILER_APPICON_NAME = AppIcon;
				CODE_SIGN_STYLE = Automatic;
				INFOPLIST_FILE = InstaISIL/Info.plist;
				LD_RUNPATH_SEARCH_PATHS = (
					"$(inherited)",
					"@executable_path/Frameworks",
				);
				PRODUCT_BUNDLE_IDENTIFIER = com.murakami.InstaISIL;
				PRODUCT_NAME = "$(TARGET_NAME)";
				SWIFT_VERSION = 5.0;
				TARGETED_DEVICE_FAMILY = "1,2";
			};
			name = Release;
		};
		3A64230525266226008E1D6C /* Debug */ = {
			isa = XCBuildConfiguration;
			baseConfigurationReference = 7B6D2065A458EA26D303E9FA /* Pods-InstaISILTests.debug.xcconfig */;
			buildSettings = {
				ALWAYS_EMBED_SWIFT_STANDARD_LIBRARIES = YES;
				BUNDLE_LOADER = "$(TEST_HOST)";
				CODE_SIGN_STYLE = Automatic;
				INFOPLIST_FILE = InstaISILTests/Info.plist;
				IPHONEOS_DEPLOYMENT_TARGET = 13.6;
				LD_RUNPATH_SEARCH_PATHS = (
					"$(inherited)",
					"@executable_path/Frameworks",
					"@loader_path/Frameworks",
				);
				PRODUCT_BUNDLE_IDENTIFIER = com.murakami.InstaISILTests;
				PRODUCT_NAME = "$(TARGET_NAME)";
				SWIFT_VERSION = 5.0;
				TARGETED_DEVICE_FAMILY = "1,2";
				TEST_HOST = "$(BUILT_PRODUCTS_DIR)/InstaISIL.app/InstaISIL";
			};
			name = Debug;
		};
		3A64230625266226008E1D6C /* Release */ = {
			isa = XCBuildConfiguration;
			baseConfigurationReference = FA8932AC3FE4F724732E9960 /* Pods-InstaISILTests.release.xcconfig */;
			buildSettings = {
				ALWAYS_EMBED_SWIFT_STANDARD_LIBRARIES = YES;
				BUNDLE_LOADER = "$(TEST_HOST)";
				CODE_SIGN_STYLE = Automatic;
				INFOPLIST_FILE = InstaISILTests/Info.plist;
				IPHONEOS_DEPLOYMENT_TARGET = 13.6;
				LD_RUNPATH_SEARCH_PATHS = (
					"$(inherited)",
					"@executable_path/Frameworks",
					"@loader_path/Frameworks",
				);
				PRODUCT_BUNDLE_IDENTIFIER = com.murakami.InstaISILTests;
				PRODUCT_NAME = "$(TARGET_NAME)";
				SWIFT_VERSION = 5.0;
				TARGETED_DEVICE_FAMILY = "1,2";
				TEST_HOST = "$(BUILT_PRODUCTS_DIR)/InstaISIL.app/InstaISIL";
			};
			name = Release;
		};
		3A64230825266226008E1D6C /* Debug */ = {
			isa = XCBuildConfiguration;
			baseConfigurationReference = ED9DD8D24A4F7712B4B6B378 /* Pods-InstaISIL-InstaISILUITests.debug.xcconfig */;
			buildSettings = {
				ALWAYS_EMBED_SWIFT_STANDARD_LIBRARIES = YES;
				CODE_SIGN_STYLE = Automatic;
				INFOPLIST_FILE = InstaISILUITests/Info.plist;
				LD_RUNPATH_SEARCH_PATHS = (
					"$(inherited)",
					"@executable_path/Frameworks",
					"@loader_path/Frameworks",
				);
				PRODUCT_BUNDLE_IDENTIFIER = com.murakami.InstaISILUITests;
				PRODUCT_NAME = "$(TARGET_NAME)";
				SWIFT_VERSION = 5.0;
				TARGETED_DEVICE_FAMILY = "1,2";
				TEST_TARGET_NAME = InstaISIL;
			};
			name = Debug;
		};
		3A64230925266226008E1D6C /* Release */ = {
			isa = XCBuildConfiguration;
			baseConfigurationReference = 812DB423AE1FA075E96AA8F2 /* Pods-InstaISIL-InstaISILUITests.release.xcconfig */;
			buildSettings = {
				ALWAYS_EMBED_SWIFT_STANDARD_LIBRARIES = YES;
				CODE_SIGN_STYLE = Automatic;
				INFOPLIST_FILE = InstaISILUITests/Info.plist;
				LD_RUNPATH_SEARCH_PATHS = (
					"$(inherited)",
					"@executable_path/Frameworks",
					"@loader_path/Frameworks",
				);
				PRODUCT_BUNDLE_IDENTIFIER = com.murakami.InstaISILUITests;
				PRODUCT_NAME = "$(TARGET_NAME)";
				SWIFT_VERSION = 5.0;
				TARGETED_DEVICE_FAMILY = "1,2";
				TEST_TARGET_NAME = InstaISIL;
			};
			name = Release;
		};
/* End XCBuildConfiguration section */

/* Begin XCConfigurationList section */
		3A6422CF25266225008E1D6C /* Build configuration list for PBXProject "instaISIL" */ = {
			isa = XCConfigurationList;
			buildConfigurations = (
				3A6422FF25266226008E1D6C /* Debug */,
				3A64230025266226008E1D6C /* Release */,
			);
			defaultConfigurationIsVisible = 0;
			defaultConfigurationName = Release;
		};
		3A64230125266226008E1D6C /* Build configuration list for PBXNativeTarget "InstaISIL" */ = {
			isa = XCConfigurationList;
			buildConfigurations = (
				3A64230225266226008E1D6C /* Debug */,
				3A64230325266226008E1D6C /* Release */,
			);
			defaultConfigurationIsVisible = 0;
			defaultConfigurationName = Release;
		};
		3A64230425266226008E1D6C /* Build configuration list for PBXNativeTarget "InstaISILTests" */ = {
			isa = XCConfigurationList;
			buildConfigurations = (
				3A64230525266226008E1D6C /* Debug */,
				3A64230625266226008E1D6C /* Release */,
			);
			defaultConfigurationIsVisible = 0;
			defaultConfigurationName = Release;
		};
		3A64230725266226008E1D6C /* Build configuration list for PBXNativeTarget "InstaISILUITests" */ = {
			isa = XCConfigurationList;
			buildConfigurations = (
				3A64230825266226008E1D6C /* Debug */,
				3A64230925266226008E1D6C /* Release */,
			);
			defaultConfigurationIsVisible = 0;
			defaultConfigurationName = Release;
		};
/* End XCConfigurationList section */

/* Begin XCVersionGroup section */
		3A6422E025266225008E1D6C /* InstaISIL.xcdatamodeld */ = {
			isa = XCVersionGroup;
			children = (
				3A6422E125266225008E1D6C /* InstaISIL.xcdatamodel */,
			);
			currentVersion = 3A6422E125266225008E1D6C /* InstaISIL.xcdatamodel */;
			path = InstaISIL.xcdatamodeld;
			sourceTree = "<group>";
			versionGroupType = wrapper.xcdatamodel;
		};
/* End XCVersionGroup section */
	};
	rootObject = 3A6422CC25266225008E1D6C /* Project object */;
}
